
Microsoft Visual Studio Solution File, Format Version 12.00
# Visual Studio Version 17
VisualStudioVersion = 17.5.002.0
MinimumVisualStudioVersion = 10.0.40219.1
Project("{2150E333-8FDC-42A3-9474-1A3956D46DE8}") = "app", "app", "{E152C9F5-B38C-4E68-9F3E-573BFE4F806C}"
EndProject
Project("{2150E333-8FDC-42A3-9474-1A3956D46DE8}") = "server", "server", "{412C8BD3-2F7A-4A09-8D5D-D49BB930B823}"
EndProject
Project("{9A19103F-16F7-4668-BE54-9A1E7A4F7556}") = "Althera", "app\server\Althera\Althera.csproj", "{B51D7895-3437-4A2A-9B88-0FC5D0AD76BE}"
EndProject
Project("{2150E333-8FDC-42A3-9474-1A3956D46DE8}") = "Solution Items", "Solution Items", "{B5AACEDA-4B1F-40B0-B2B5-8182D6092F79}"
	ProjectSection(SolutionItems) = preProject
		.editorconfig = .editorconfig
	EndProjectSection
EndProject
Global
	GlobalSection(SolutionConfigurationPlatforms) = preSolution
		Debug|Any CPU = Debug|Any CPU
		Release|Any CPU = Release|Any CPU
	EndGlobalSection
	GlobalSection(ProjectConfigurationPlatforms) = postSolution
		{B51D7895-3437-4A2A-9B88-0FC5D0AD76BE}.Debug|Any CPU.ActiveCfg = Debug|Any CPU
		{B51D7895-3437-4A2A-9B88-0FC5D0AD76BE}.Debug|Any CPU.Build.0 = Debug|Any CPU
		{B51D7895-3437-4A2A-9B88-0FC5D0AD76BE}.Release|Any CPU.ActiveCfg = Release|Any CPU
		{B51D7895-3437-4A2A-9B88-0FC5D0AD76BE}.Release|Any CPU.Build.0 = Release|Any CPU
	EndGlobalSection
	GlobalSection(SolutionProperties) = preSolution
		HideSolutionNode = FALSE
	EndGlobalSection
	GlobalSection(NestedProjects) = preSolution
		{412C8BD3-2F7A-4A09-8D5D-D49BB930B823} = {E152C9F5-B38C-4E68-9F3E-573BFE4F806C}
		{B51D7895-3437-4A2A-9B88-0FC5D0AD76BE} = {412C8BD3-2F7A-4A09-8D5D-D49BB930B823}
	EndGlobalSection
	GlobalSection(ExtensibilityGlobals) = postSolution
		SolutionGuid = {38BAE2A8-A90A-44FD-987C-82F2195EC951}
	EndGlobalSection
EndGlobal
